
Microsoft Visual Studio Solution File, Format Version 12.00
# Visual Studio Version 17
VisualStudioVersion = 17.9.34902.65
MinimumVisualStudioVersion = 10.0.40219.1
Project("{9A19103F-16F7-4668-BE54-9A1E7A4F7556}") = "wallet-microservice-playtomic-dotnet", "wallet-microservice-playtomic-dotnet.csproj", "{F81A538B-E56E-4C5E-9B0A-305D2C450572}"
EndProject
Project("{FAE04EC0-301F-11D3-BF4B-00C04F79EFBC}") = "Wallet-testing", "..\Wallet-testing\Wallet-testing.csproj", "{FBB7FC89-FDA1-4DA8-9228-863D97C47967}"
EndProject
Global
	GlobalSection(SolutionConfigurationPlatforms) = preSolution
		Debug|Any CPU = Debug|Any CPU
		Release|Any CPU = Release|Any CPU
	EndGlobalSection
	GlobalSection(ProjectConfigurationPlatforms) = postSolution
		{F81A538B-E56E-4C5E-9B0A-305D2C450572}.Debug|Any CPU.ActiveCfg = Debug|Any CPU
		{F81A538B-E56E-4C5E-9B0A-305D2C450572}.Debug|Any CPU.Build.0 = Debug|Any CPU
		{F81A538B-E56E-4C5E-9B0A-305D2C450572}.Release|Any CPU.ActiveCfg = Release|Any CPU
		{F81A538B-E56E-4C5E-9B0A-305D2C450572}.Release|Any CPU.Build.0 = Release|Any CPU
		{FBB7FC89-FDA1-4DA8-9228-863D97C47967}.Debug|Any CPU.ActiveCfg = Debug|Any CPU
		{FBB7FC89-FDA1-4DA8-9228-863D97C47967}.Debug|Any CPU.Build.0 = Debug|Any CPU
		{FBB7FC89-FDA1-4DA8-9228-863D97C47967}.Release|Any CPU.ActiveCfg = Release|Any CPU
		{FBB7FC89-FDA1-4DA8-9228-863D97C47967}.Release|Any CPU.Build.0 = Release|Any CPU
	EndGlobalSection
	GlobalSection(SolutionProperties) = preSolution
		HideSolutionNode = FALSE
	EndGlobalSection
	GlobalSection(ExtensibilityGlobals) = postSolution
		SolutionGuid = {CBC2101D-BEF5-4B63-A27F-631CB0364F2B}
	EndGlobalSection
EndGlobal
